{
  "requires": true,
  "lockfileVersion": 1,
  "dependencies": {
    "@use-it/interval": {
      "version": "1.0.0",
      "resolved": "https://registry.npmjs.org/@use-it/interval/-/interval-1.0.0.tgz",
      "integrity": "sha512-WQFcnSt/xM/mS8ZtJ0ut5lhPrl+V0HDPPcI/J0eUClsfiD+/r8A7IeW/pVcfpSVGWRmN3+WnjNteWuKyWs2WZg=="
    }
  }
}
